
Microsoft Visual Studio Solution File, Format Version 12.00
# Visual Studio 15
VisualStudioVersion = 15.0.27130.2010
MinimumVisualStudioVersion = 10.0.40219.1
Project("{FAE04EC0-301F-11D3-BF4B-00C04F79EFBC}") = "CenturyAirline", "CenturyAirline\CenturyAirline.csproj", "{B89B0ED6-4996-49FB-8463-50E2E6B70DC3}"
EndProject
Global
	GlobalSection(SolutionConfigurationPlatforms) = preSolution
		Debug|Any CPU = Debug|Any CPU
		Release|Any CPU = Release|Any CPU
	EndGlobalSection
	GlobalSection(ProjectConfigurationPlatforms) = postSolution
		{B89B0ED6-4996-49FB-8463-50E2E6B70DC3}.Debug|Any CPU.ActiveCfg = Debug|Any CPU
		{B89B0ED6-4996-49FB-8463-50E2E6B70DC3}.Debug|Any CPU.Build.0 = Debug|Any CPU
		{B89B0ED6-4996-49FB-8463-50E2E6B70DC3}.Release|Any CPU.ActiveCfg = Release|Any CPU
		{B89B0ED6-4996-49FB-8463-50E2E6B70DC3}.Release|Any CPU.Build.0 = Release|Any CPU
	EndGlobalSection
	GlobalSection(SolutionProperties) = preSolution
		HideSolutionNode = FALSE
	EndGlobalSection
	GlobalSection(ExtensibilityGlobals) = postSolution
		SolutionGuid = {EFAB5730-8F4F-4A70-A955-61DE69D66BAF}
	EndGlobalSection
EndGlobal
